
Microsoft Visual Studio Solution File, Format Version 12.00
# Visual Studio Version 17
VisualStudioVersion = 17.11.35222.181
MinimumVisualStudioVersion = 10.0.40219.1
Project("{FAE04EC0-301F-11D3-BF4B-00C04F79EFBC}") = "lesson2", "lesson2.csproj", "{4503C898-3CA8-4FBE-9663-004244F6C9FA}"
EndProject
Global
	GlobalSection(SolutionConfigurationPlatforms) = preSolution
		Debug|Any CPU = Debug|Any CPU
		Release|Any CPU = Release|Any CPU
	EndGlobalSection
	GlobalSection(ProjectConfigurationPlatforms) = postSolution
		{4503C898-3CA8-4FBE-9663-004244F6C9FA}.Debug|Any CPU.ActiveCfg = Debug|Any CPU
		{4503C898-3CA8-4FBE-9663-004244F6C9FA}.Debug|Any CPU.Build.0 = Debug|Any CPU
		{4503C898-3CA8-4FBE-9663-004244F6C9FA}.Release|Any CPU.ActiveCfg = Release|Any CPU
		{4503C898-3CA8-4FBE-9663-004244F6C9FA}.Release|Any CPU.Build.0 = Release|Any CPU
	EndGlobalSection
	GlobalSection(SolutionProperties) = preSolution
		HideSolutionNode = FALSE
	EndGlobalSection
	GlobalSection(ExtensibilityGlobals) = postSolution
		SolutionGuid = {837B9B40-2517-4A18-9198-BD3925FB0A2E}
	EndGlobalSection
EndGlobal
